
Microsoft Visual Studio Solution File, Format Version 12.00
# Blend for Visual Studio Version 17
VisualStudioVersion = 17.10.35122.118
MinimumVisualStudioVersion = 10.0.40219.1
Project("{FAE04EC0-301F-11D3-BF4B-00C04F79EFBC}") = "NewTillSystem", "NewTillSystem.csproj", "{B5F268AA-1637-4AF7-B354-B1A10163EB29}"
EndProject
Global
	GlobalSection(SolutionConfigurationPlatforms) = preSolution
		Debug|Any CPU = Debug|Any CPU
		Release|Any CPU = Release|Any CPU
	EndGlobalSection
	GlobalSection(ProjectConfigurationPlatforms) = postSolution
		{B5F268AA-1637-4AF7-B354-B1A10163EB29}.Debug|Any CPU.ActiveCfg = Debug|Any CPU
		{B5F268AA-1637-4AF7-B354-B1A10163EB29}.Debug|Any CPU.Build.0 = Debug|Any CPU
		{B5F268AA-1637-4AF7-B354-B1A10163EB29}.Release|Any CPU.ActiveCfg = Release|Any CPU
		{B5F268AA-1637-4AF7-B354-B1A10163EB29}.Release|Any CPU.Build.0 = Release|Any CPU
	EndGlobalSection
	GlobalSection(SolutionProperties) = preSolution
		HideSolutionNode = FALSE
	EndGlobalSection
	GlobalSection(ExtensibilityGlobals) = postSolution
		SolutionGuid = {B49C3092-5DAB-402D-8147-9B97DD6651B0}
	EndGlobalSection
EndGlobal
